
Microsoft Visual Studio Solution File, Format Version 12.00
# Visual Studio Version 16
VisualStudioVersion = 16.0.31605.320
MinimumVisualStudioVersion = 10.0.40219.1
Project("{9A19103F-16F7-4668-BE54-9A1E7A4F7556}") = "Services", "Services\Services.csproj", "{4AA01E08-3372-48F5-9452-503CB1F0F98E}"
EndProject
Project("{9A19103F-16F7-4668-BE54-9A1E7A4F7556}") = "Common", "Common\Common.csproj", "{2A46DEB0-B329-49FE-AB7E-A38911150AC5}"
EndProject
Project("{9A19103F-16F7-4668-BE54-9A1E7A4F7556}") = "Mapper", "Mapper\Mapper.csproj", "{72F06FD4-7C33-4FC5-AF8F-B1DCA7AF6034}"
EndProject
Project("{9A19103F-16F7-4668-BE54-9A1E7A4F7556}") = "ApiModels", "ApiModels\ApiModels.csproj", "{E564DA07-8D06-4E8C-95E5-5160F88E66B3}"
EndProject
Project("{9A19103F-16F7-4668-BE54-9A1E7A4F7556}") = "Database", "Database\Database.csproj", "{FA594534-DDFD-4040-8371-7C78904F3384}"
EndProject
Project("{9A19103F-16F7-4668-BE54-9A1E7A4F7556}") = "Web", "Web\Web.csproj", "{EFF2A396-D76B-4CED-9E71-89D92A75665A}"
EndProject
Project("{9A19103F-16F7-4668-BE54-9A1E7A4F7556}") = "Tests", "Tests\Tests.csproj", "{65E60403-635B-4760-BF1E-4A8CB7176096}"
EndProject
Project("{FAE04EC0-301F-11D3-BF4B-00C04F79EFBC}") = "Tests.Integration", "Tests.Integration\Tests.Integration.csproj", "{79D6B91C-D863-433D-8D1F-4D2D76E973BA}"
EndProject
Global
	GlobalSection(SolutionConfigurationPlatforms) = preSolution
		Debug|Any CPU = Debug|Any CPU
		Release|Any CPU = Release|Any CPU
	EndGlobalSection
	GlobalSection(ProjectConfigurationPlatforms) = postSolution
		{4AA01E08-3372-48F5-9452-503CB1F0F98E}.Debug|Any CPU.ActiveCfg = Debug|Any CPU
		{4AA01E08-3372-48F5-9452-503CB1F0F98E}.Debug|Any CPU.Build.0 = Debug|Any CPU
		{4AA01E08-3372-48F5-9452-503CB1F0F98E}.Release|Any CPU.ActiveCfg = Release|Any CPU
		{4AA01E08-3372-48F5-9452-503CB1F0F98E}.Release|Any CPU.Build.0 = Release|Any CPU
		{2A46DEB0-B329-49FE-AB7E-A38911150AC5}.Debug|Any CPU.ActiveCfg = Debug|Any CPU
		{2A46DEB0-B329-49FE-AB7E-A38911150AC5}.Debug|Any CPU.Build.0 = Debug|Any CPU
		{2A46DEB0-B329-49FE-AB7E-A38911150AC5}.Release|Any CPU.ActiveCfg = Release|Any CPU
		{2A46DEB0-B329-49FE-AB7E-A38911150AC5}.Release|Any CPU.Build.0 = Release|Any CPU
		{72F06FD4-7C33-4FC5-AF8F-B1DCA7AF6034}.Debug|Any CPU.ActiveCfg = Debug|Any CPU
		{72F06FD4-7C33-4FC5-AF8F-B1DCA7AF6034}.Debug|Any CPU.Build.0 = Debug|Any CPU
		{72F06FD4-7C33-4FC5-AF8F-B1DCA7AF6034}.Release|Any CPU.ActiveCfg = Release|Any CPU
		{72F06FD4-7C33-4FC5-AF8F-B1DCA7AF6034}.Release|Any CPU.Build.0 = Release|Any CPU
		{E564DA07-8D06-4E8C-95E5-5160F88E66B3}.Debug|Any CPU.ActiveCfg = Debug|Any CPU
		{E564DA07-8D06-4E8C-95E5-5160F88E66B3}.Debug|Any CPU.Build.0 = Debug|Any CPU
		{E564DA07-8D06-4E8C-95E5-5160F88E66B3}.Release|Any CPU.ActiveCfg = Release|Any CPU
		{E564DA07-8D06-4E8C-95E5-5160F88E66B3}.Release|Any CPU.Build.0 = Release|Any CPU
		{FA594534-DDFD-4040-8371-7C78904F3384}.Debug|Any CPU.ActiveCfg = Debug|Any CPU
		{FA594534-DDFD-4040-8371-7C78904F3384}.Debug|Any CPU.Build.0 = Debug|Any CPU
		{FA594534-DDFD-4040-8371-7C78904F3384}.Release|Any CPU.ActiveCfg = Release|Any CPU
		{FA594534-DDFD-4040-8371-7C78904F3384}.Release|Any CPU.Build.0 = Release|Any CPU
		{EFF2A396-D76B-4CED-9E71-89D92A75665A}.Debug|Any CPU.ActiveCfg = Debug|Any CPU
		{EFF2A396-D76B-4CED-9E71-89D92A75665A}.Debug|Any CPU.Build.0 = Debug|Any CPU
		{EFF2A396-D76B-4CED-9E71-89D92A75665A}.Release|Any CPU.ActiveCfg = Release|Any CPU
		{EFF2A396-D76B-4CED-9E71-89D92A75665A}.Release|Any CPU.Build.0 = Release|Any CPU
		{65E60403-635B-4760-BF1E-4A8CB7176096}.Debug|Any CPU.ActiveCfg = Debug|Any CPU
		{65E60403-635B-4760-BF1E-4A8CB7176096}.Debug|Any CPU.Build.0 = Debug|Any CPU
		{65E60403-635B-4760-BF1E-4A8CB7176096}.Release|Any CPU.ActiveCfg = Release|Any CPU
		{65E60403-635B-4760-BF1E-4A8CB7176096}.Release|Any CPU.Build.0 = Release|Any CPU
		{79D6B91C-D863-433D-8D1F-4D2D76E973BA}.Debug|Any CPU.ActiveCfg = Debug|Any CPU
		{79D6B91C-D863-433D-8D1F-4D2D76E973BA}.Debug|Any CPU.Build.0 = Debug|Any CPU
		{79D6B91C-D863-433D-8D1F-4D2D76E973BA}.Release|Any CPU.ActiveCfg = Release|Any CPU
		{79D6B91C-D863-433D-8D1F-4D2D76E973BA}.Release|Any CPU.Build.0 = Release|Any CPU
	EndGlobalSection
	GlobalSection(SolutionProperties) = preSolution
		HideSolutionNode = FALSE
	EndGlobalSection
	GlobalSection(ExtensibilityGlobals) = postSolution
		SolutionGuid = {C663277F-E698-4289-8215-36B84A0E4191}
	EndGlobalSection
EndGlobal
